
Microsoft Visual Studio Solution File, Format Version 12.00
# Visual Studio Version 17
VisualStudioVersion = 17.0.32126.317
MinimumVisualStudioVersion = 10.0.40219.1
Project("{9A19103F-16F7-4668-BE54-9A1E7A4F7556}") = "GamingCenter", "GamingCenter\GamingCenter.csproj", "{B2FDC769-180A-4AF4-88AC-7A405765FB71}"
EndProject
Project("{2150E333-8FDC-42A3-9474-1A3956D46DE8}") = "Tests", "Tests", "{7700F164-C7C5-4C63-BB2B-804411688C6B}"
EndProject
Project("{9A19103F-16F7-4668-BE54-9A1E7A4F7556}") = "GamingCenter.Tests", "GamingCenter.Tests\GamingCenter.Tests.csproj", "{3DBA307D-FE71-460C-864C-8CFDED9D9282}"
EndProject
Project("{9A19103F-16F7-4668-BE54-9A1E7A4F7556}") = "GamingCenter.IntegrationTest", "GamingCenter.Tests\GamingCenter.IntegrationTest\GamingCenter.IntegrationTest.csproj", "{1AE4BD53-20E1-4B31-93DE-697EBB54D8A1}"
EndProject
Project("{FAE04EC0-301F-11D3-BF4B-00C04F79EFBC}") = "GaminCenterTests", "GaminCenterTests\GaminCenterTests.csproj", "{5824DBBF-D55B-421F-ABA9-76FDC2AEEAC3}"
EndProject
Global
	GlobalSection(SolutionConfigurationPlatforms) = preSolution
		Debug|Any CPU = Debug|Any CPU
		Release|Any CPU = Release|Any CPU
	EndGlobalSection
	GlobalSection(ProjectConfigurationPlatforms) = postSolution
		{B2FDC769-180A-4AF4-88AC-7A405765FB71}.Debug|Any CPU.ActiveCfg = Debug|Any CPU
		{B2FDC769-180A-4AF4-88AC-7A405765FB71}.Debug|Any CPU.Build.0 = Debug|Any CPU
		{B2FDC769-180A-4AF4-88AC-7A405765FB71}.Release|Any CPU.ActiveCfg = Release|Any CPU
		{B2FDC769-180A-4AF4-88AC-7A405765FB71}.Release|Any CPU.Build.0 = Release|Any CPU
		{3DBA307D-FE71-460C-864C-8CFDED9D9282}.Debug|Any CPU.ActiveCfg = Debug|Any CPU
		{3DBA307D-FE71-460C-864C-8CFDED9D9282}.Debug|Any CPU.Build.0 = Debug|Any CPU
		{3DBA307D-FE71-460C-864C-8CFDED9D9282}.Release|Any CPU.ActiveCfg = Release|Any CPU
		{3DBA307D-FE71-460C-864C-8CFDED9D9282}.Release|Any CPU.Build.0 = Release|Any CPU
		{1AE4BD53-20E1-4B31-93DE-697EBB54D8A1}.Debug|Any CPU.ActiveCfg = Debug|Any CPU
		{1AE4BD53-20E1-4B31-93DE-697EBB54D8A1}.Debug|Any CPU.Build.0 = Debug|Any CPU
		{1AE4BD53-20E1-4B31-93DE-697EBB54D8A1}.Release|Any CPU.ActiveCfg = Release|Any CPU
		{1AE4BD53-20E1-4B31-93DE-697EBB54D8A1}.Release|Any CPU.Build.0 = Release|Any CPU
		{5824DBBF-D55B-421F-ABA9-76FDC2AEEAC3}.Debug|Any CPU.ActiveCfg = Debug|Any CPU
		{5824DBBF-D55B-421F-ABA9-76FDC2AEEAC3}.Debug|Any CPU.Build.0 = Debug|Any CPU
		{5824DBBF-D55B-421F-ABA9-76FDC2AEEAC3}.Release|Any CPU.ActiveCfg = Release|Any CPU
		{5824DBBF-D55B-421F-ABA9-76FDC2AEEAC3}.Release|Any CPU.Build.0 = Release|Any CPU
	EndGlobalSection
	GlobalSection(SolutionProperties) = preSolution
		HideSolutionNode = FALSE
	EndGlobalSection
	GlobalSection(NestedProjects) = preSolution
		{3DBA307D-FE71-460C-864C-8CFDED9D9282} = {7700F164-C7C5-4C63-BB2B-804411688C6B}
		{1AE4BD53-20E1-4B31-93DE-697EBB54D8A1} = {7700F164-C7C5-4C63-BB2B-804411688C6B}
		{5824DBBF-D55B-421F-ABA9-76FDC2AEEAC3} = {7700F164-C7C5-4C63-BB2B-804411688C6B}
	EndGlobalSection
	GlobalSection(ExtensibilityGlobals) = postSolution
		SolutionGuid = {AB8F53B2-21D3-4541-A130-61D41FD22F21}
	EndGlobalSection
EndGlobal
